{
  "name": "pkg",
  "version": "1.0.0",
  "lockfileVersion": 3,
  "requires": true,
  "packages": {
    "": {
      "name": "pkg",
      "version": "1.0.0",
      "license": "MIT",
      "dependencies": {
        "@gamex/cc-ecs": "^3.0.2",
        "@gamex/cc-expand": "^1.1.0",
        "@gamex/cc-quadtree": "^2.0.1",
        "@gamex/cc-sap": "^2.0.3"
      }
    },
    "node_modules/@gamex/cc-ecs": {
      "version": "3.0.2",
      "resolved": "https://registry.npmmirror.com/@gamex/cc-ecs/-/cc-ecs-3.0.2.tgz",
      "integrity": "sha512-6EcspQGt2lPEiTV2yN7wLeORMLc1iQ9Yo54WMCt1mz4wO+fx1/B5SitfYAz3J3lnEqK2szvIe7270T0Sml//mg=="
    },
    "node_modules/@gamex/cc-expand": {
      "version": "1.1.0",
      "resolved": "https://registry.npmmirror.com/@gamex/cc-expand/-/cc-expand-1.1.0.tgz",
      "integrity": "sha512-wlvfJ1M0BGseCwH+GW5sa4OH5ydM3JjernbLURaUpKoOITZUipfVra0o4yzkxGzo4fOug2P7VkNev+wJrPuqvg=="
    },
    "node_modules/@gamex/cc-quadtree": {
      "version": "2.0.1",
      "resolved": "https://registry.npmmirror.com/@gamex/cc-quadtree/-/cc-quadtree-2.0.1.tgz",
      "integrity": "sha512-yxbgtSnEp5ac3eS9lIZcDoUcz3wlDBy/xm8Qz2k2SJ0hE7tkuqseSCaZtbAxiRT82En03CtbrkRILvzDvpsHaQ=="
    },
    "node_modules/@gamex/cc-sap": {
      "version": "2.0.5",
      "resolved": "https://registry.npmmirror.com/@gamex/cc-sap/-/cc-sap-2.0.5.tgz",
      "integrity": "sha512-Paz04XGLW92EoNUoAca1E883Xmn6/73KRqPDNbbw83BY+fH08zjwQcECnyJz20FycZKUoaZ65NIftFLSLhsJEw=="
    }
  }
}
